
Microsoft Visual Studio Solution File, Format Version 12.00
# Visual Studio 15
VisualStudioVersion = 15.0.27130.2026
MinimumVisualStudioVersion = 10.0.40219.1
Project("{FAE04EC0-301F-11D3-BF4B-00C04F79EFBC}") = "PumpInfo", "PumpInfo\PumpInfo.csproj", "{EDDD6DF1-F53B-4258-9B94-1C257BD0DB83}"
EndProject
Project("{FAE04EC0-301F-11D3-BF4B-00C04F79EFBC}") = "PumpAnalysis", "PumpAnalysis\PumpAnalysis.csproj", "{4C439E92-E1F7-42B3-8F9F-84BC1A3A2EBE}"
EndProject
Project("{FAE04EC0-301F-11D3-BF4B-00C04F79EFBC}") = "PumpLib", "PumpLib\PumpLib.csproj", "{1C15EAA5-026C-4780-B1E5-CB98251E6064}"
EndProject
Project("{FAE04EC0-301F-11D3-BF4B-00C04F79EFBC}") = "MapForm", "MapForm\MapForm.csproj", "{12D2BE35-003D-4229-95B3-F3612FC224F0}"
EndProject
Project("{FAE04EC0-301F-11D3-BF4B-00C04F79EFBC}") = "PumpData", "PumpData\PumpData.csproj", "{4660DA2A-D44F-422B-B18D-C26172E4A7E0}"
EndProject
Project("{FAE04EC0-301F-11D3-BF4B-00C04F79EFBC}") = "Maps", "Maps\Maps.csproj", "{7454AA21-A043-496A-B038-99D244631F8B}"
EndProject
Global
	GlobalSection(SolutionConfigurationPlatforms) = preSolution
		Debug|Any CPU = Debug|Any CPU
		Release|Any CPU = Release|Any CPU
	EndGlobalSection
	GlobalSection(ProjectConfigurationPlatforms) = postSolution
		{EDDD6DF1-F53B-4258-9B94-1C257BD0DB83}.Debug|Any CPU.ActiveCfg = Debug|Any CPU
		{EDDD6DF1-F53B-4258-9B94-1C257BD0DB83}.Debug|Any CPU.Build.0 = Debug|Any CPU
		{EDDD6DF1-F53B-4258-9B94-1C257BD0DB83}.Release|Any CPU.ActiveCfg = Release|Any CPU
		{EDDD6DF1-F53B-4258-9B94-1C257BD0DB83}.Release|Any CPU.Build.0 = Release|Any CPU
		{4C439E92-E1F7-42B3-8F9F-84BC1A3A2EBE}.Debug|Any CPU.ActiveCfg = Debug|Any CPU
		{4C439E92-E1F7-42B3-8F9F-84BC1A3A2EBE}.Debug|Any CPU.Build.0 = Debug|Any CPU
		{4C439E92-E1F7-42B3-8F9F-84BC1A3A2EBE}.Release|Any CPU.ActiveCfg = Release|Any CPU
		{4C439E92-E1F7-42B3-8F9F-84BC1A3A2EBE}.Release|Any CPU.Build.0 = Release|Any CPU
		{1C15EAA5-026C-4780-B1E5-CB98251E6064}.Debug|Any CPU.ActiveCfg = Debug|Any CPU
		{1C15EAA5-026C-4780-B1E5-CB98251E6064}.Debug|Any CPU.Build.0 = Debug|Any CPU
		{1C15EAA5-026C-4780-B1E5-CB98251E6064}.Release|Any CPU.ActiveCfg = Release|Any CPU
		{1C15EAA5-026C-4780-B1E5-CB98251E6064}.Release|Any CPU.Build.0 = Release|Any CPU
		{12D2BE35-003D-4229-95B3-F3612FC224F0}.Debug|Any CPU.ActiveCfg = Debug|Any CPU
		{12D2BE35-003D-4229-95B3-F3612FC224F0}.Debug|Any CPU.Build.0 = Debug|Any CPU
		{12D2BE35-003D-4229-95B3-F3612FC224F0}.Release|Any CPU.ActiveCfg = Release|Any CPU
		{12D2BE35-003D-4229-95B3-F3612FC224F0}.Release|Any CPU.Build.0 = Release|Any CPU
		{4660DA2A-D44F-422B-B18D-C26172E4A7E0}.Debug|Any CPU.ActiveCfg = Debug|Any CPU
		{4660DA2A-D44F-422B-B18D-C26172E4A7E0}.Debug|Any CPU.Build.0 = Debug|Any CPU
		{4660DA2A-D44F-422B-B18D-C26172E4A7E0}.Release|Any CPU.ActiveCfg = Release|Any CPU
		{4660DA2A-D44F-422B-B18D-C26172E4A7E0}.Release|Any CPU.Build.0 = Release|Any CPU
		{7454AA21-A043-496A-B038-99D244631F8B}.Debug|Any CPU.ActiveCfg = Debug|Any CPU
		{7454AA21-A043-496A-B038-99D244631F8B}.Debug|Any CPU.Build.0 = Debug|Any CPU
		{7454AA21-A043-496A-B038-99D244631F8B}.Release|Any CPU.ActiveCfg = Release|Any CPU
		{7454AA21-A043-496A-B038-99D244631F8B}.Release|Any CPU.Build.0 = Release|Any CPU
	EndGlobalSection
	GlobalSection(SolutionProperties) = preSolution
		HideSolutionNode = FALSE
	EndGlobalSection
	GlobalSection(ExtensibilityGlobals) = postSolution
		SolutionGuid = {21DF43A5-B6E9-4610-9ECB-7F3DBC582BA5}
	EndGlobalSection
EndGlobal
