
Microsoft Visual Studio Solution File, Format Version 12.00
# Visual Studio 15
VisualStudioVersion = 15.0.27004.2010
MinimumVisualStudioVersion = 10.0.40219.1
Project("{FAE04EC0-301F-11D3-BF4B-00C04F79EFBC}") = "PumpInfo", "PumpInfo\PumpInfo.csproj", "{EDDD6DF1-F53B-4258-9B94-1C257BD0DB83}"
EndProject
Project("{FAE04EC0-301F-11D3-BF4B-00C04F79EFBC}") = "PumpAnalysis", "PumpAnalysis\PumpAnalysis.csproj", "{4C439E92-E1F7-42B3-8F9F-84BC1A3A2EBE}"
EndProject
Global
	GlobalSection(SolutionConfigurationPlatforms) = preSolution
		Debug|Any CPU = Debug|Any CPU
		Release|Any CPU = Release|Any CPU
	EndGlobalSection
	GlobalSection(ProjectConfigurationPlatforms) = postSolution
		{EDDD6DF1-F53B-4258-9B94-1C257BD0DB83}.Debug|Any CPU.ActiveCfg = Debug|Any CPU
		{EDDD6DF1-F53B-4258-9B94-1C257BD0DB83}.Debug|Any CPU.Build.0 = Debug|Any CPU
		{EDDD6DF1-F53B-4258-9B94-1C257BD0DB83}.Release|Any CPU.ActiveCfg = Release|Any CPU
		{EDDD6DF1-F53B-4258-9B94-1C257BD0DB83}.Release|Any CPU.Build.0 = Release|Any CPU
		{4C439E92-E1F7-42B3-8F9F-84BC1A3A2EBE}.Debug|Any CPU.ActiveCfg = Debug|Any CPU
		{4C439E92-E1F7-42B3-8F9F-84BC1A3A2EBE}.Debug|Any CPU.Build.0 = Debug|Any CPU
		{4C439E92-E1F7-42B3-8F9F-84BC1A3A2EBE}.Release|Any CPU.ActiveCfg = Release|Any CPU
		{4C439E92-E1F7-42B3-8F9F-84BC1A3A2EBE}.Release|Any CPU.Build.0 = Release|Any CPU
	EndGlobalSection
	GlobalSection(SolutionProperties) = preSolution
		HideSolutionNode = FALSE
	EndGlobalSection
	GlobalSection(ExtensibilityGlobals) = postSolution
		SolutionGuid = {21DF43A5-B6E9-4610-9ECB-7F3DBC582BA5}
	EndGlobalSection
EndGlobal
